
Microsoft Visual Studio Solution File, Format Version 12.00
# Visual Studio Version 17
VisualStudioVersion = 17.2.32602.215
MinimumVisualStudioVersion = 10.0.40219.1
Project("{FAE04EC0-301F-11D3-BF4B-00C04F79EFBC}") = "FullGodMode", "FullGodMode.csproj", "{196B8CD8-1FBF-42E5-8E26-1D0F40A4F26B}"
EndProject
Global
	GlobalSection(SolutionConfigurationPlatforms) = preSolution
		Debug|Any CPU = Debug|Any CPU
		Release|Any CPU = Release|Any CPU
	EndGlobalSection
	GlobalSection(ProjectConfigurationPlatforms) = postSolution
		{196B8CD8-1FBF-42E5-8E26-1D0F40A4F26B}.Debug|Any CPU.ActiveCfg = Debug|Any CPU
		{196B8CD8-1FBF-42E5-8E26-1D0F40A4F26B}.Debug|Any CPU.Build.0 = Debug|Any CPU
		{196B8CD8-1FBF-42E5-8E26-1D0F40A4F26B}.Release|Any CPU.ActiveCfg = Release|Any CPU
		{196B8CD8-1FBF-42E5-8E26-1D0F40A4F26B}.Release|Any CPU.Build.0 = Release|Any CPU
	EndGlobalSection
	GlobalSection(SolutionProperties) = preSolution
		HideSolutionNode = FALSE
	EndGlobalSection
	GlobalSection(ExtensibilityGlobals) = postSolution
		SolutionGuid = {8B02707E-28A6-457A-A4B2-EE243D842C97}
	EndGlobalSection
EndGlobal
